{
  "requires": true,
  "lockfileVersion": 1,
  "dependencies": {
    "closure-compiler": {
      "version": "0.2.12",
      "resolved": "https://registry.npmjs.org/closure-compiler/-/closure-compiler-0.2.12.tgz",
      "integrity": "sha1-bDCHytEnQseeR/DOUOh6+Rz44XE=",
      "requires": {
        "google-closure-compiler": "20150901.x"
      }
    },
    "commander": {
      "version": "2.17.1",
      "resolved": "https://registry.npmjs.org/commander/-/commander-2.17.1.tgz",
      "integrity": "sha512-wPMUt6FnH2yzG95SA6mzjQOEKUU3aLaDEmzs1ti+1E9h+CsrZghRlqEM/EJ4KscsQVG8uNN4uVreUeT8+drlgg=="
    },
    "google-closure-compiler": {
      "version": "20150901.0.0",
      "resolved": "https://registry.npmjs.org/google-closure-compiler/-/google-closure-compiler-20150901.0.0.tgz",
      "integrity": "sha1-PQHGyt5leQqb+04wshWLdjWsut4="
    },
    "source-map": {
      "version": "0.6.1",
      "resolved": "https://registry.npmjs.org/source-map/-/source-map-0.6.1.tgz",
      "integrity": "sha512-UjgapumWlbMhkBgzT7Ykc5YXUT46F0iKu8SGXq0bcwP5dz/h0Plj6enJqjz1Zbq2l5WaqYnrVbwWOWMyF3F47g=="
    },
    "uglify-js": {
      "version": "3.4.9",
      "resolved": "https://registry.npmjs.org/uglify-js/-/uglify-js-3.4.9.tgz",
      "integrity": "sha512-8CJsbKOtEbnJsTyv6LE6m6ZKniqMiFWmm9sRbopbkGs3gMPPfd3Fh8iIA4Ykv5MgaTbqHr4BaoGLJLZNhsrW1Q==",
      "requires": {
        "commander": "~2.17.1",
        "source-map": "~0.6.1"
      }
    },
    "yuicompressor": {
      "version": "2.4.8",
      "resolved": "https://registry.npmjs.org/yuicompressor/-/yuicompressor-2.4.8.tgz",
      "integrity": "sha1-mNJnUfFm49uRmy/j6nz2Qt6ZjYs="
    }
  }
}
